
Microsoft Visual Studio Solution File, Format Version 12.00
# Visual Studio 15
VisualStudioVersion = 15.0.27130.2027
MinimumVisualStudioVersion = 10.0.40219.1
Project("{FAE04EC0-301F-11D3-BF4B-00C04F79EFBC}") = "MoviesMobileApp.Android", "MoviesMobileApp\MoviesMobileApp.Android\MoviesMobileApp.Android.csproj", "{B2426628-31A0-47D8-A24D-770E9840D817}"
EndProject
Project("{9A19103F-16F7-4668-BE54-9A1E7A4F7556}") = "MoviesMobileApp", "MoviesMobileApp\MoviesMobileApp\MoviesMobileApp.csproj", "{78E4B221-8A53-47A2-B32C-FB5AD4BBF7F7}"
EndProject
Project("{FAE04EC0-301F-11D3-BF4B-00C04F79EFBC}") = "MoviesMobileApp.Tests", "MoviesMobileApp.Tests\MoviesMobileApp.Tests.csproj", "{5A8C8846-3412-4D21-B567-AFC1AC4D7E77}"
EndProject
Global
	GlobalSection(SolutionConfigurationPlatforms) = preSolution
		Debug|Any CPU = Debug|Any CPU
		Release|Any CPU = Release|Any CPU
	EndGlobalSection
	GlobalSection(ProjectConfigurationPlatforms) = postSolution
		{B2426628-31A0-47D8-A24D-770E9840D817}.Debug|Any CPU.ActiveCfg = Debug|Any CPU
		{B2426628-31A0-47D8-A24D-770E9840D817}.Debug|Any CPU.Build.0 = Debug|Any CPU
		{B2426628-31A0-47D8-A24D-770E9840D817}.Debug|Any CPU.Deploy.0 = Debug|Any CPU
		{B2426628-31A0-47D8-A24D-770E9840D817}.Release|Any CPU.ActiveCfg = Release|Any CPU
		{B2426628-31A0-47D8-A24D-770E9840D817}.Release|Any CPU.Build.0 = Release|Any CPU
		{B2426628-31A0-47D8-A24D-770E9840D817}.Release|Any CPU.Deploy.0 = Release|Any CPU
		{78E4B221-8A53-47A2-B32C-FB5AD4BBF7F7}.Debug|Any CPU.ActiveCfg = Debug|Any CPU
		{78E4B221-8A53-47A2-B32C-FB5AD4BBF7F7}.Debug|Any CPU.Build.0 = Debug|Any CPU
		{78E4B221-8A53-47A2-B32C-FB5AD4BBF7F7}.Release|Any CPU.ActiveCfg = Release|Any CPU
		{78E4B221-8A53-47A2-B32C-FB5AD4BBF7F7}.Release|Any CPU.Build.0 = Release|Any CPU
		{5A8C8846-3412-4D21-B567-AFC1AC4D7E77}.Debug|Any CPU.ActiveCfg = Debug|Any CPU
		{5A8C8846-3412-4D21-B567-AFC1AC4D7E77}.Debug|Any CPU.Build.0 = Debug|Any CPU
		{5A8C8846-3412-4D21-B567-AFC1AC4D7E77}.Release|Any CPU.ActiveCfg = Release|Any CPU
		{5A8C8846-3412-4D21-B567-AFC1AC4D7E77}.Release|Any CPU.Build.0 = Release|Any CPU
	EndGlobalSection
	GlobalSection(SolutionProperties) = preSolution
		HideSolutionNode = FALSE
	EndGlobalSection
	GlobalSection(ExtensibilityGlobals) = postSolution
		SolutionGuid = {25F00222-6C80-419F-8F62-CCC024EAB0BC}
	EndGlobalSection
EndGlobal
